
Microsoft Visual Studio Solution File, Format Version 12.00
# Visual Studio Version 17
VisualStudioVersion = 17.8.34525.116
MinimumVisualStudioVersion = 10.0.40219.1
Project("{FAE04EC0-301F-11D3-BF4B-00C04F79EFBC}") = "progetto_settimanaleS19L5", "progetto_settimanaleS19L5.csproj", "{E316DC8A-F6FE-49F9-9613-FCC3D69F2110}"
EndProject
Global
	GlobalSection(SolutionConfigurationPlatforms) = preSolution
		Debug|Any CPU = Debug|Any CPU
		Release|Any CPU = Release|Any CPU
	EndGlobalSection
	GlobalSection(ProjectConfigurationPlatforms) = postSolution
		{E316DC8A-F6FE-49F9-9613-FCC3D69F2110}.Debug|Any CPU.ActiveCfg = Debug|Any CPU
		{E316DC8A-F6FE-49F9-9613-FCC3D69F2110}.Debug|Any CPU.Build.0 = Debug|Any CPU
		{E316DC8A-F6FE-49F9-9613-FCC3D69F2110}.Release|Any CPU.ActiveCfg = Release|Any CPU
		{E316DC8A-F6FE-49F9-9613-FCC3D69F2110}.Release|Any CPU.Build.0 = Release|Any CPU
	EndGlobalSection
	GlobalSection(SolutionProperties) = preSolution
		HideSolutionNode = FALSE
	EndGlobalSection
	GlobalSection(ExtensibilityGlobals) = postSolution
		SolutionGuid = {9E187CA3-6634-4934-86EA-23B42E9EEA62}
	EndGlobalSection
EndGlobal
